
Microsoft Visual Studio Solution File, Format Version 11.00
# Visual Studio 2010
Project("{FAE04EC0-301F-11D3-BF4B-00C04F79EFBC}") = "CaulkerDemo", "CaulkerDemo\CaulkerDemo.csproj", "{DDF8B65B-3A31-479F-B7B4-225FB6677729}"
EndProject
Project("{FAE04EC0-301F-11D3-BF4B-00C04F79EFBC}") = "Caulker", "Caulker\Caulker.csproj", "{7C5ABECA-A834-448F-8A03-AE2C19791778}"
EndProject
Global
	GlobalSection(SolutionConfigurationPlatforms) = preSolution
		Debug|iPhoneSimulator = Debug|iPhoneSimulator
		Release|iPhoneSimulator = Release|iPhoneSimulator
		Debug|iPhone = Debug|iPhone
		Release|iPhone = Release|iPhone
	EndGlobalSection
	GlobalSection(ProjectConfigurationPlatforms) = postSolution
		{7C5ABECA-A834-448F-8A03-AE2C19791778}.Debug|iPhone.ActiveCfg = Debug|iPhone
		{7C5ABECA-A834-448F-8A03-AE2C19791778}.Debug|iPhone.Build.0 = Debug|iPhone
		{7C5ABECA-A834-448F-8A03-AE2C19791778}.Debug|iPhoneSimulator.ActiveCfg = Debug|iPhoneSimulator
		{7C5ABECA-A834-448F-8A03-AE2C19791778}.Debug|iPhoneSimulator.Build.0 = Debug|iPhoneSimulator
		{7C5ABECA-A834-448F-8A03-AE2C19791778}.Release|iPhone.ActiveCfg = Release|iPhone
		{7C5ABECA-A834-448F-8A03-AE2C19791778}.Release|iPhone.Build.0 = Release|iPhone
		{7C5ABECA-A834-448F-8A03-AE2C19791778}.Release|iPhoneSimulator.ActiveCfg = Release|iPhoneSimulator
		{7C5ABECA-A834-448F-8A03-AE2C19791778}.Release|iPhoneSimulator.Build.0 = Release|iPhoneSimulator
		{DDF8B65B-3A31-479F-B7B4-225FB6677729}.Debug|iPhone.ActiveCfg = Debug|iPhone
		{DDF8B65B-3A31-479F-B7B4-225FB6677729}.Debug|iPhone.Build.0 = Debug|iPhone
		{DDF8B65B-3A31-479F-B7B4-225FB6677729}.Debug|iPhoneSimulator.ActiveCfg = Debug|iPhoneSimulator
		{DDF8B65B-3A31-479F-B7B4-225FB6677729}.Debug|iPhoneSimulator.Build.0 = Debug|iPhoneSimulator
		{DDF8B65B-3A31-479F-B7B4-225FB6677729}.Release|iPhone.ActiveCfg = Release|iPhone
		{DDF8B65B-3A31-479F-B7B4-225FB6677729}.Release|iPhone.Build.0 = Release|iPhone
		{DDF8B65B-3A31-479F-B7B4-225FB6677729}.Release|iPhoneSimulator.ActiveCfg = Release|iPhoneSimulator
		{DDF8B65B-3A31-479F-B7B4-225FB6677729}.Release|iPhoneSimulator.Build.0 = Release|iPhoneSimulator
	EndGlobalSection
	GlobalSection(MonoDevelopProperties) = preSolution
		StartupItem = CaulkerDemo\CaulkerDemo.csproj
	EndGlobalSection
EndGlobal
